<?xml version="1.0" encoding="utf-8"?>
<Project ToolsVersion="4.0" xmlns="http://schemas.microsoft.com/developer/msbuild/2003">
  <ItemGroup>
    <Filter Include="소스 파일">
      <UniqueIdentifier>{4FC737F1-C7A5-4376-A066-2A32D752A2FF}</UniqueIdentifier>
      <Extensions>cpp;c;cc;cxx;def;odl;idl;hpj;bat;asm;asmx</Extensions>
    </Filter>
    <Filter Include="헤더 파일">
      <UniqueIdentifier>{93995380-89BD-4b04-88EB-625FBE52EBFB}</UniqueIdentifier>
      <Extensions>h;hh;hpp;hxx;hm;inl;inc;xsd</Extensions>
    </Filter>
    <Filter Include="리소스 파일">
      <UniqueIdentifier>{67DA6AB6-F800-4c08-8B7A-83BB121AAD01}</UniqueIdentifier>
      <Extensions>rc;ico;cur;bmp;dlg;rc2;rct;bin;rgs;gif;jpg;jpeg;jpe;resx;tiff;tif;png;wav;mfcribbon-ms</Extensions>
    </Filter>
  </ItemGroup>
  <ItemGroup>
    <Text Include="ReadMe.txt" />
  </ItemGroup>
  <ItemGroup>
    <ClInclude Include="dyutaker.h">
      <Filter>헤더 파일</Filter>
    </ClInclude>
    <ClInclude Include="dyutakerDlg.h">
      <Filter>헤더 파일</Filter>
    </ClInclude>
    <ClInclude Include="stdafx.h">
      <Filter>헤더 파일</Filter>
    </ClInclude>
    <ClInclude Include="targetver.h">
      <Filter>헤더 파일</Filter>
    </ClInclude>
    <ClInclude Include="Resource.h">
      <Filter>헤더 파일</Filter>
    </ClInclude>
    <ClInclude Include="Camera.h">
      <Filter>헤더 파일</Filter>
    </ClInclude>
    <ClInclude Include="dp_cam.h">
      <Filter>헤더 파일</Filter>
    </ClInclude>
    <ClInclude Include="changeViewPoint.h">
      <Filter>헤더 파일</Filter>
    </ClInclude>
    <ClInclude Include="imageFusion.h">
      <Filter>헤더 파일</Filter>
    </ClInclude>
    <ClInclude Include="ProgressDlg.h">
      <Filter>헤더 파일</Filter>
    </ClInclude>
  </ItemGroup>
  <ItemGroup>
    <ClCompile Include="dyutaker.cpp">
      <Filter>소스 파일</Filter>
    </ClCompile>
    <ClCompile Include="dyutakerDlg.cpp">
      <Filter>소스 파일</Filter>
    </ClCompile>
    <ClCompile Include="stdafx.cpp">
      <Filter>소스 파일</Filter>
    </ClCompile>
    <ClCompile Include="Camera.cpp">
      <Filter>소스 파일</Filter>
    </ClCompile>
    <ClCompile Include="dp_cam.cpp">
      <Filter>소스 파일</Filter>
    </ClCompile>
    <ClCompile Include="imageFusion.cpp">
      <Filter>소스 파일</Filter>
    </ClCompile>
    <ClCompile Include="changeViewPoint.cpp">
      <Filter>소스 파일</Filter>
    </ClCompile>
    <ClCompile Include="ProgressDlg.cpp">
      <Filter>소스 파일</Filter>
    </ClCompile>
  </ItemGroup>
  <ItemGroup>
    <ResourceCompile Include="dyutaker.rc">
      <Filter>리소스 파일</Filter>
    </ResourceCompile>
  </ItemGroup>
  <ItemGroup>
    <None Include="res\dyutaker.rc2">
      <Filter>리소스 파일</Filter>
    </None>
    <None Include="packages.config" />
  </ItemGroup>
  <ItemGroup>
    <Image Include="res\dyutaker.ico">
      <Filter>리소스 파일</Filter>
    </Image>
    <Image Include="res\bitmap1.bmp">
      <Filter>리소스 파일</Filter>
    </Image>
    <Image Include="res\bitmap2.bmp">
      <Filter>리소스 파일</Filter>
    </Image>
    <Image Include="res\connect_buttondown.bmp">
      <Filter>리소스 파일</Filter>
    </Image>
    <Image Include="res\connect_disabled.bmp">
      <Filter>리소스 파일</Filter>
    </Image>
    <Image Include="res\connect_visible.bmp">
      <Filter>리소스 파일</Filter>
    </Image>
    <Image Include="res\shoot_buttondown.bmp">
      <Filter>리소스 파일</Filter>
    </Image>
    <Image Include="res\shoot_disabled.bmp">
      <Filter>리소스 파일</Filter>
    </Image>
    <Image Include="res\shoot_visible.bmp">
      <Filter>리소스 파일</Filter>
    </Image>
    <Image Include="res\stop_buttondown.bmp">
      <Filter>리소스 파일</Filter>
    </Image>
    <Image Include="res\stop_disabled.bmp">
      <Filter>리소스 파일</Filter>
    </Image>
    <Image Include="res\stop_visible.bmp">
      <Filter>리소스 파일</Filter>
    </Image>
    <Image Include="res\quit.bmp">
      <Filter>리소스 파일</Filter>
    </Image>
    <Image Include="res\logo.bmp">
      <Filter>리소스 파일</Filter>
    </Image>
  </ItemGroup>
</Project>